
Microsoft Visual Studio Solution File, Format Version 12.00
# Visual Studio Version 16
VisualStudioVersion = 16.0.31321.278
MinimumVisualStudioVersion = 10.0.40219.1
Project("{9A19103F-16F7-4668-BE54-9A1E7A4F7556}") = "Test", "Test\Test.csproj", "{6EE5071A-B8FD-44D0-A3BD-7C5FBC6E85DA}"
EndProject
Global
	GlobalSection(SolutionConfigurationPlatforms) = preSolution
		Debug|Any CPU = Debug|Any CPU
		Release|Any CPU = Release|Any CPU
	EndGlobalSection
	GlobalSection(ProjectConfigurationPlatforms) = postSolution
		{6EE5071A-B8FD-44D0-A3BD-7C5FBC6E85DA}.Debug|Any CPU.ActiveCfg = Debug|Any CPU
		{6EE5071A-B8FD-44D0-A3BD-7C5FBC6E85DA}.Debug|Any CPU.Build.0 = Debug|Any CPU
		{6EE5071A-B8FD-44D0-A3BD-7C5FBC6E85DA}.Release|Any CPU.ActiveCfg = Release|Any CPU
		{6EE5071A-B8FD-44D0-A3BD-7C5FBC6E85DA}.Release|Any CPU.Build.0 = Release|Any CPU
	EndGlobalSection
	GlobalSection(SolutionProperties) = preSolution
		HideSolutionNode = FALSE
	EndGlobalSection
	GlobalSection(ExtensibilityGlobals) = postSolution
		SolutionGuid = {BF421D6C-DB49-4200-AD79-8685361B3F74}
	EndGlobalSection
EndGlobal
